{
  "nodes": {
    "nix-packages": {
      "inputs": {
        "nixpkgs": [
          "nixpkgs"
        ]
      },
      "locked": {
        "lastModified": 1778024080,
        "narHash": "sha256-MYmnmi1vOOKVEr42p3qCV7oX6tx8HRE/OBdz95tJXag=",
        "owner": "wimpysworld",
        "repo": "nix-packages",
        "rev": "233d7dfa5abba02db873798a4e5eda4a8e1047e1",
        "type": "github"
      },
      "original": {
        "owner": "wimpysworld",
        "repo": "nix-packages",
        "type": "github"
      }
    },
    "nixpkgs": {
      "locked": {
        "lastModified": 1777578337,
        "narHash": "sha256-Ad49moKWeXtKBJNy2ebiTQUEgdLyvGmTeykAQ9xM+Z4=",
        "owner": "nixos",
        "repo": "nixpkgs",
        "rev": "15f4ee454b1dce334612fa6843b3e05cf546efab",
        "type": "github"
      },
      "original": {
        "owner": "nixos",
        "ref": "nixos-unstable",
        "repo": "nixpkgs",
        "type": "github"
      }
    },
    "root": {
      "inputs": {
        "nix-packages": "nix-packages",
        "nixpkgs": "nixpkgs"
      }
    }
  },
  "root": "root",
  "version": 7
}
